// !$*UTF8*$!
{
	archiveVersion = 1;
	classes = {
	};
	objectVersion = 51;
	objects = {

/* Begin PBXBuildFile section */
		1A678D95267B438000B0AF48 /* Interface.storyboard in Resources */ = {isa = PBXBuildFile; fileRef = 1A678D93267B438000B0AF48 /* Interface.storyboard */; };
		1A678D97267B438100B0AF48 /* Assets.xcassets in Resources */ = {isa = PBXBuildFile; fileRef = 1A678D96267B438100B0AF48 /* Assets.xcassets */; };
		1A678D9E267B438100B0AF48 /* Home_Remote_WC Extension.appex in Embed App Extensions */ = {isa = PBXBuildFile; fileRef = 1A678D9D267B438100B0AF48 /* Home_Remote_WC Extension.appex */; settings = {ATTRIBUTES = (RemoveHeadersOnCopy, ); }; };
		1A678DA3267B438100B0AF48 /* InterfaceController.swift in Sources */ = {isa = PBXBuildFile; fileRef = 1A678DA2267B438100B0AF48 /* InterfaceController.swift */; };
		1A678DA5267B438100B0AF48 /* ExtensionDelegate.swift in Sources */ = {isa = PBXBuildFile; fileRef = 1A678DA4267B438100B0AF48 /* ExtensionDelegate.swift */; };
		1A678DA7267B438100B0AF48 /* NotificationController.swift in Sources */ = {isa = PBXBuildFile; fileRef = 1A678DA6267B438100B0AF48 /* NotificationController.swift */; };
		1A678DA9267B438100B0AF48 /* ComplicationController.swift in Sources */ = {isa = PBXBuildFile; fileRef = 1A678DA8267B438100B0AF48 /* ComplicationController.swift */; };
		1A678DAB267B438200B0AF48 /* Assets.xcassets in Resources */ = {isa = PBXBuildFile; fileRef = 1A678DAA267B438200B0AF48 /* Assets.xcassets */; };
		1A678DB0267B438200B0AF48 /* Home_Remote_WC.app in Embed Watch Content */ = {isa = PBXBuildFile; fileRef = 1A678D91267B438000B0AF48 /* Home_Remote_WC.app */; settings = {ATTRIBUTES = (RemoveHeadersOnCopy, ); }; };
		1A798622266493460091BA79 /* AppDelegate.swift in Sources */ = {isa = PBXBuildFile; fileRef = 1A798621266493460091BA79 /* AppDelegate.swift */; };
		1A798624266493460091BA79 /* SceneDelegate.swift in Sources */ = {isa = PBXBuildFile; fileRef = 1A798623266493460091BA79 /* SceneDelegate.swift */; };
		1A798626266493460091BA79 /* MainController.swift in Sources */ = {isa = PBXBuildFile; fileRef = 1A798625266493460091BA79 /* MainController.swift */; };
		1A798629266493460091BA79 /* Main.storyboard in Resources */ = {isa = PBXBuildFile; fileRef = 1A798627266493460091BA79 /* Main.storyboard */; };
		1A79862B266493470091BA79 /* Assets.xcassets in Resources */ = {isa = PBXBuildFile; fileRef = 1A79862A266493470091BA79 /* Assets.xcassets */; };
		1A79862E266493470091BA79 /* LaunchScreen.storyboard in Resources */ = {isa = PBXBuildFile; fileRef = 1A79862C266493470091BA79 /* LaunchScreen.storyboard */; };
		1A798637266493A10091BA79 /* CoreBluetooth.framework in Frameworks */ = {isa = PBXBuildFile; fileRef = 1A798636266493A10091BA79 /* CoreBluetooth.framework */; };
		1A79863B266499C10091BA79 /* HomeCtrController.swift in Sources */ = {isa = PBXBuildFile; fileRef = 1A79863A266499C10091BA79 /* HomeCtrController.swift */; };
		1A79863D266499F70091BA79 /* DeviceController.swift in Sources */ = {isa = PBXBuildFile; fileRef = 1A79863C266499F70091BA79 /* DeviceController.swift */; };
		1A79863F26649A150091BA79 /* SettingController.swift in Sources */ = {isa = PBXBuildFile; fileRef = 1A79863E26649A140091BA79 /* SettingController.swift */; };
		1A7986412664A08B0091BA79 /* BleScanController.swift in Sources */ = {isa = PBXBuildFile; fileRef = 1A7986402664A08B0091BA79 /* BleScanController.swift */; };
		1A82B2052669F76200604E2C /* Pods_MyFrame.framework in Frameworks */ = {isa = PBXBuildFile; fileRef = 1A82B2042669F76200604E2C /* Pods_MyFrame.framework */; };
		1A82B2072669FEFB00604E2C /* MyFrame.framework in Frameworks */ = {isa = PBXBuildFile; fileRef = 1A82B2012669F75A00604E2C /* MyFrame.framework */; };
		1A82B2082669FEFB00604E2C /* MyFrame.framework in Embed Frameworks */ = {isa = PBXBuildFile; fileRef = 1A82B2012669F75A00604E2C /* MyFrame.framework */; settings = {ATTRIBUTES = (CodeSignOnCopy, RemoveHeadersOnCopy, ); }; };
		FFD53CDA1F7ADFA26980EF44 /* Pods_Home_Remote.framework in Frameworks */ = {isa = PBXBuildFile; fileRef = 214B1F77FB1692A07A5B8A9A /* Pods_Home_Remote.framework */; };
/* End PBXBuildFile section */

/* Begin PBXContainerItemProxy section */
		1A678D9F267B438100B0AF48 /* PBXContainerItemProxy */ = {
			isa = PBXContainerItemProxy;
			containerPortal = 1A798616266493460091BA79 /* Project object */;
			proxyType = 1;
			remoteGlobalIDString = 1A678D9C267B438100B0AF48;
			remoteInfo = "Home_Remote_WC Extension";
		};
		1A678DAE267B438200B0AF48 /* PBXContainerItemProxy */ = {
			isa = PBXContainerItemProxy;
			containerPortal = 1A798616266493460091BA79 /* Project object */;
			proxyType = 1;
			remoteGlobalIDString = 1A678D90267B438000B0AF48;
			remoteInfo = Home_Remote_WC;
		};
/* End PBXContainerItemProxy section */

/* Begin PBXCopyFilesBuildPhase section */
		1A678DB4267B438200B0AF48 /* Embed App Extensions */ = {
			isa = PBXCopyFilesBuildPhase;
			buildActionMask = 2147483647;
			dstPath = "";
			dstSubfolderSpec = 13;
			files = (
				1A678D9E267B438100B0AF48 /* Home_Remote_WC Extension.appex in Embed App Extensions */,
			);
			name = "Embed App Extensions";
			runOnlyForDeploymentPostprocessing = 0;
		};
		1A678DB8267B438200B0AF48 /* Embed Watch Content */ = {
			isa = PBXCopyFilesBuildPhase;
			buildActionMask = 2147483647;
			dstPath = "$(CONTENTS_FOLDER_PATH)/Watch";
			dstSubfolderSpec = 16;
			files = (
				1A678DB0267B438200B0AF48 /* Home_Remote_WC.app in Embed Watch Content */,
			);
			name = "Embed Watch Content";
			runOnlyForDeploymentPostprocessing = 0;
		};
		1A82B2092669FEFB00604E2C /* Embed Frameworks */ = {
			isa = PBXCopyFilesBuildPhase;
			buildActionMask = 2147483647;
			dstPath = "";
			dstSubfolderSpec = 10;
			files = (
				1A82B2082669FEFB00604E2C /* MyFrame.framework in Embed Frameworks */,
			);
			name = "Embed Frameworks";
			runOnlyForDeploymentPostprocessing = 0;
		};
/* End PBXCopyFilesBuildPhase section */

/* Begin PBXFileReference section */
		03FD61D51C6FCE1E28E4A615 /* Pods-Home_Remote.debug.xcconfig */ = {isa = PBXFileReference; includeInIndex = 1; lastKnownFileType = text.xcconfig; name = "Pods-Home_Remote.debug.xcconfig"; path = "Target Support Files/Pods-Home_Remote/Pods-Home_Remote.debug.xcconfig"; sourceTree = "<group>"; };
		1A678D91267B438000B0AF48 /* Home_Remote_WC.app */ = {isa = PBXFileReference; explicitFileType = wrapper.application; includeInIndex = 0; path = Home_Remote_WC.app; sourceTree = BUILT_PRODUCTS_DIR; };
		1A678D94267B438000B0AF48 /* Base */ = {isa = PBXFileReference; lastKnownFileType = file.storyboard; name = Base; path = Base.lproj/Interface.storyboard; sourceTree = "<group>"; };
		1A678D96267B438100B0AF48 /* Assets.xcassets */ = {isa = PBXFileReference; lastKnownFileType = folder.assetcatalog; path = Assets.xcassets; sourceTree = "<group>"; };
		1A678D98267B438100B0AF48 /* Info.plist */ = {isa = PBXFileReference; lastKnownFileType = text.plist.xml; path = Info.plist; sourceTree = "<group>"; };
		1A678D9D267B438100B0AF48 /* Home_Remote_WC Extension.appex */ = {isa = PBXFileReference; explicitFileType = "wrapper.app-extension"; includeInIndex = 0; path = "Home_Remote_WC Extension.appex"; sourceTree = BUILT_PRODUCTS_DIR; };
		1A678DA2267B438100B0AF48 /* InterfaceController.swift */ = {isa = PBXFileReference; lastKnownFileType = sourcecode.swift; path = InterfaceController.swift; sourceTree = "<group>"; };
		1A678DA4267B438100B0AF48 /* ExtensionDelegate.swift */ = {isa = PBXFileReference; lastKnownFileType = sourcecode.swift; path = ExtensionDelegate.swift; sourceTree = "<group>"; };
		1A678DA6267B438100B0AF48 /* NotificationController.swift */ = {isa = PBXFileReference; lastKnownFileType = sourcecode.swift; path = NotificationController.swift; sourceTree = "<group>"; };
		1A678DA8267B438100B0AF48 /* ComplicationController.swift */ = {isa = PBXFileReference; lastKnownFileType = sourcecode.swift; path = ComplicationController.swift; sourceTree = "<group>"; };
		1A678DAA267B438200B0AF48 /* Assets.xcassets */ = {isa = PBXFileReference; lastKnownFileType = folder.assetcatalog; path = Assets.xcassets; sourceTree = "<group>"; };
		1A678DAC267B438200B0AF48 /* Info.plist */ = {isa = PBXFileReference; lastKnownFileType = text.plist.xml; path = Info.plist; sourceTree = "<group>"; };
		1A678DAD267B438200B0AF48 /* PushNotificationPayload.apns */ = {isa = PBXFileReference; lastKnownFileType = text; path = PushNotificationPayload.apns; sourceTree = "<group>"; };
		1A79861E266493460091BA79 /* Home_Remote.app */ = {isa = PBXFileReference; explicitFileType = wrapper.application; includeInIndex = 0; path = Home_Remote.app; sourceTree = BUILT_PRODUCTS_DIR; };
		1A798621266493460091BA79 /* AppDelegate.swift */ = {isa = PBXFileReference; lastKnownFileType = sourcecode.swift; path = AppDelegate.swift; sourceTree = "<group>"; };
		1A798623266493460091BA79 /* SceneDelegate.swift */ = {isa = PBXFileReference; lastKnownFileType = sourcecode.swift; path = SceneDelegate.swift; sourceTree = "<group>"; };
		1A798625266493460091BA79 /* MainController.swift */ = {isa = PBXFileReference; lastKnownFileType = sourcecode.swift; path = MainController.swift; sourceTree = "<group>"; };
		1A798628266493460091BA79 /* Base */ = {isa = PBXFileReference; lastKnownFileType = file.storyboard; name = Base; path = Base.lproj/Main.storyboard; sourceTree = "<group>"; };
		1A79862A266493470091BA79 /* Assets.xcassets */ = {isa = PBXFileReference; lastKnownFileType = folder.assetcatalog; path = Assets.xcassets; sourceTree = "<group>"; };
		1A79862D266493470091BA79 /* Base */ = {isa = PBXFileReference; lastKnownFileType = file.storyboard; name = Base; path = Base.lproj/LaunchScreen.storyboard; sourceTree = "<group>"; };
		1A79862F266493470091BA79 /* Info.plist */ = {isa = PBXFileReference; lastKnownFileType = text.plist.xml; path = Info.plist; sourceTree = "<group>"; };
		1A798636266493A10091BA79 /* CoreBluetooth.framework */ = {isa = PBXFileReference; lastKnownFileType = wrapper.framework; name = CoreBluetooth.framework; path = System/Library/Frameworks/CoreBluetooth.framework; sourceTree = SDKROOT; };
		1A79863A266499C10091BA79 /* HomeCtrController.swift */ = {isa = PBXFileReference; fileEncoding = 4; lastKnownFileType = sourcecode.swift; path = HomeCtrController.swift; sourceTree = "<group>"; };
		1A79863C266499F70091BA79 /* DeviceController.swift */ = {isa = PBXFileReference; fileEncoding = 4; lastKnownFileType = sourcecode.swift; path = DeviceController.swift; sourceTree = "<group>"; };
		1A79863E26649A140091BA79 /* SettingController.swift */ = {isa = PBXFileReference; fileEncoding = 4; lastKnownFileType = sourcecode.swift; path = SettingController.swift; sourceTree = "<group>"; };
		1A7986402664A08B0091BA79 /* BleScanController.swift */ = {isa = PBXFileReference; fileEncoding = 4; lastKnownFileType = sourcecode.swift; path = BleScanController.swift; sourceTree = "<group>"; };
		1A82B2012669F75A00604E2C /* MyFrame.framework */ = {isa = PBXFileReference; explicitFileType = wrapper.framework; path = MyFrame.framework; sourceTree = BUILT_PRODUCTS_DIR; };
		1A82B2042669F76200604E2C /* Pods_MyFrame.framework */ = {isa = PBXFileReference; explicitFileType = wrapper.framework; path = Pods_MyFrame.framework; sourceTree = BUILT_PRODUCTS_DIR; };
		1C1D0916CA2CAC2F16D0A399 /* Pods-Home_Remote.release.xcconfig */ = {isa = PBXFileReference; includeInIndex = 1; lastKnownFileType = text.xcconfig; name = "Pods-Home_Remote.release.xcconfig"; path = "Target Support Files/Pods-Home_Remote/Pods-Home_Remote.release.xcconfig"; sourceTree = "<group>"; };
		214B1F77FB1692A07A5B8A9A /* Pods_Home_Remote.framework */ = {isa = PBXFileReference; explicitFileType = wrapper.framework; includeInIndex = 0; path = Pods_Home_Remote.framework; sourceTree = BUILT_PRODUCTS_DIR; };
/* End PBXFileReference section */

/* Begin PBXFrameworksBuildPhase section */
		1A678D9A267B438100B0AF48 /* Frameworks */ = {
			isa = PBXFrameworksBuildPhase;
			buildActionMask = 2147483647;
			files = (
			);
			runOnlyForDeploymentPostprocessing = 0;
		};
		1A79861B266493460091BA79 /* Frameworks */ = {
			isa = PBXFrameworksBuildPhase;
			buildActionMask = 2147483647;
			files = (
				1A82B2052669F76200604E2C /* Pods_MyFrame.framework in Frameworks */,
				1A798637266493A10091BA79 /* CoreBluetooth.framework in Frameworks */,
				1A82B2072669FEFB00604E2C /* MyFrame.framework in Frameworks */,
				FFD53CDA1F7ADFA26980EF44 /* Pods_Home_Remote.framework in Frameworks */,
			);
			runOnlyForDeploymentPostprocessing = 0;
		};
/* End PBXFrameworksBuildPhase section */

/* Begin PBXGroup section */
		1A678D92267B438000B0AF48 /* Home_Remote_WC */ = {
			isa = PBXGroup;
			children = (
				1A678D93267B438000B0AF48 /* Interface.storyboard */,
				1A678D96267B438100B0AF48 /* Assets.xcassets */,
				1A678D98267B438100B0AF48 /* Info.plist */,
			);
			path = Home_Remote_WC;
			sourceTree = "<group>";
		};
		1A678DA1267B438100B0AF48 /* Home_Remote_WC Extension */ = {
			isa = PBXGroup;
			children = (
				1A678DA2267B438100B0AF48 /* InterfaceController.swift */,
				1A678DA4267B438100B0AF48 /* ExtensionDelegate.swift */,
				1A678DA6267B438100B0AF48 /* NotificationController.swift */,
				1A678DA8267B438100B0AF48 /* ComplicationController.swift */,
				1A678DAA267B438200B0AF48 /* Assets.xcassets */,
				1A678DAC267B438200B0AF48 /* Info.plist */,
				1A678DAD267B438200B0AF48 /* PushNotificationPayload.apns */,
			);
			path = "Home_Remote_WC Extension";
			sourceTree = "<group>";
		};
		1A798615266493460091BA79 = {
			isa = PBXGroup;
			children = (
				1A798620266493460091BA79 /* Home_Remote */,
				1A678D92267B438000B0AF48 /* Home_Remote_WC */,
				1A678DA1267B438100B0AF48 /* Home_Remote_WC Extension */,
				1A79861F266493460091BA79 /* Products */,
				1A798635266493A10091BA79 /* Frameworks */,
				28D22D7C8DBC9E71C4667906 /* Pods */,
			);
			sourceTree = "<group>";
		};
		1A79861F266493460091BA79 /* Products */ = {
			isa = PBXGroup;
			children = (
				1A79861E266493460091BA79 /* Home_Remote.app */,
				1A678D91267B438000B0AF48 /* Home_Remote_WC.app */,
				1A678D9D267B438100B0AF48 /* Home_Remote_WC Extension.appex */,
			);
			name = Products;
			sourceTree = "<group>";
		};
		1A798620266493460091BA79 /* Home_Remote */ = {
			isa = PBXGroup;
			children = (
				1A798621266493460091BA79 /* AppDelegate.swift */,
				1A798623266493460091BA79 /* SceneDelegate.swift */,
				1A798625266493460091BA79 /* MainController.swift */,
				1A7986402664A08B0091BA79 /* BleScanController.swift */,
				1A79863C266499F70091BA79 /* DeviceController.swift */,
				1A79863E26649A140091BA79 /* SettingController.swift */,
				1A79863A266499C10091BA79 /* HomeCtrController.swift */,
				1A798627266493460091BA79 /* Main.storyboard */,
				1A79862A266493470091BA79 /* Assets.xcassets */,
				1A79862C266493470091BA79 /* LaunchScreen.storyboard */,
				1A79862F266493470091BA79 /* Info.plist */,
			);
			path = Home_Remote;
			sourceTree = "<group>";
		};
		1A798635266493A10091BA79 /* Frameworks */ = {
			isa = PBXGroup;
			children = (
				1A82B2042669F76200604E2C /* Pods_MyFrame.framework */,
				1A82B2012669F75A00604E2C /* MyFrame.framework */,
				1A798636266493A10091BA79 /* CoreBluetooth.framework */,
				214B1F77FB1692A07A5B8A9A /* Pods_Home_Remote.framework */,
			);
			name = Frameworks;
			sourceTree = "<group>";
		};
		28D22D7C8DBC9E71C4667906 /* Pods */ = {
			isa = PBXGroup;
			children = (
				03FD61D51C6FCE1E28E4A615 /* Pods-Home_Remote.debug.xcconfig */,
				1C1D0916CA2CAC2F16D0A399 /* Pods-Home_Remote.release.xcconfig */,
			);
			path = Pods;
			sourceTree = "<group>";
		};
/* End PBXGroup section */

/* Begin PBXNativeTarget section */
		1A678D90267B438000B0AF48 /* Home_Remote_WC */ = {
			isa = PBXNativeTarget;
			buildConfigurationList = 1A678DB5267B438200B0AF48 /* Build configuration list for PBXNativeTarget "Home_Remote_WC" */;
			buildPhases = (
				1A678D8F267B438000B0AF48 /* Resources */,
				1A678DB4267B438200B0AF48 /* Embed App Extensions */,
			);
			buildRules = (
			);
			dependencies = (
				1A678DA0267B438100B0AF48 /* PBXTargetDependency */,
			);
			name = Home_Remote_WC;
			productName = Home_Remote_WC;
			productReference = 1A678D91267B438000B0AF48 /* Home_Remote_WC.app */;
			productType = "com.apple.product-type.application.watchapp2";
		};
		1A678D9C267B438100B0AF48 /* Home_Remote_WC Extension */ = {
			isa = PBXNativeTarget;
			buildConfigurationList = 1A678DB1267B438200B0AF48 /* Build configuration list for PBXNativeTarget "Home_Remote_WC Extension" */;
			buildPhases = (
				1A678D99267B438100B0AF48 /* Sources */,
				1A678D9A267B438100B0AF48 /* Frameworks */,
				1A678D9B267B438100B0AF48 /* Resources */,
			);
			buildRules = (
			);
			dependencies = (
			);
			name = "Home_Remote_WC Extension";
			productName = "Home_Remote_WC Extension";
			productReference = 1A678D9D267B438100B0AF48 /* Home_Remote_WC Extension.appex */;
			productType = "com.apple.product-type.watchkit2-extension";
		};
		1A79861D266493460091BA79 /* Home_Remote */ = {
			isa = PBXNativeTarget;
			buildConfigurationList = 1A798632266493470091BA79 /* Build configuration list for PBXNativeTarget "Home_Remote" */;
			buildPhases = (
				F3FAD01A1CD384DE14D6883E /* [CP] Check Pods Manifest.lock */,
				1A79861A266493460091BA79 /* Sources */,
				1A79861B266493460091BA79 /* Frameworks */,
				1A79861C266493460091BA79 /* Resources */,
				64CB22BA0D16255C5A1B6C15 /* [CP] Embed Pods Frameworks */,
				1A82B2092669FEFB00604E2C /* Embed Frameworks */,
				1A678DB8267B438200B0AF48 /* Embed Watch Content */,
			);
			buildRules = (
			);
			dependencies = (
				1A678DAF267B438200B0AF48 /* PBXTargetDependency */,
			);
			name = Home_Remote;
			productName = Home_Remote;
			productReference = 1A79861E266493460091BA79 /* Home_Remote.app */;
			productType = "com.apple.product-type.application";
		};
/* End PBXNativeTarget section */

/* Begin PBXProject section */
		1A798616266493460091BA79 /* Project object */ = {
			isa = PBXProject;
			attributes = {
				LastSwiftUpdateCheck = 1250;
				LastUpgradeCheck = 1250;
				TargetAttributes = {
					1A678D90267B438000B0AF48 = {
						CreatedOnToolsVersion = 12.5;
					};
					1A678D9C267B438100B0AF48 = {
						CreatedOnToolsVersion = 12.5;
					};
					1A79861D266493460091BA79 = {
						CreatedOnToolsVersion = 12.5;
					};
				};
			};
			buildConfigurationList = 1A798619266493460091BA79 /* Build configuration list for PBXProject "Home_Remote" */;
			compatibilityVersion = "Xcode 9.3";
			developmentRegion = en;
			hasScannedForEncodings = 0;
			knownRegions = (
				en,
				Base,
			);
			mainGroup = 1A798615266493460091BA79;
			productRefGroup = 1A79861F266493460091BA79 /* Products */;
			projectDirPath = "";
			projectRoot = "";
			targets = (
				1A79861D266493460091BA79 /* Home_Remote */,
				1A678D90267B438000B0AF48 /* Home_Remote_WC */,
				1A678D9C267B438100B0AF48 /* Home_Remote_WC Extension */,
			);
		};
/* End PBXProject section */

/* Begin PBXResourcesBuildPhase section */
		1A678D8F267B438000B0AF48 /* Resources */ = {
			isa = PBXResourcesBuildPhase;
			buildActionMask = 2147483647;
			files = (
				1A678D97267B438100B0AF48 /* Assets.xcassets in Resources */,
				1A678D95267B438000B0AF48 /* Interface.storyboard in Resources */,
			);
			runOnlyForDeploymentPostprocessing = 0;
		};
		1A678D9B267B438100B0AF48 /* Resources */ = {
			isa = PBXResourcesBuildPhase;
			buildActionMask = 2147483647;
			files = (
				1A678DAB267B438200B0AF48 /* Assets.xcassets in Resources */,
			);
			runOnlyForDeploymentPostprocessing = 0;
		};
		1A79861C266493460091BA79 /* Resources */ = {
			isa = PBXResourcesBuildPhase;
			buildActionMask = 2147483647;
			files = (
				1A79862E266493470091BA79 /* LaunchScreen.storyboard in Resources */,
				1A79862B266493470091BA79 /* Assets.xcassets in Resources */,
				1A798629266493460091BA79 /* Main.storyboard in Resources */,
			);
			runOnlyForDeploymentPostprocessing = 0;
		};
/* End PBXResourcesBuildPhase section */

/* Begin PBXShellScriptBuildPhase section */
		64CB22BA0D16255C5A1B6C15 /* [CP] Embed Pods Frameworks */ = {
			isa = PBXShellScriptBuildPhase;
			buildActionMask = 2147483647;
			files = (
			);
			inputFileListPaths = (
				"${PODS_ROOT}/Target Support Files/Pods-Home_Remote/Pods-Home_Remote-frameworks-${CONFIGURATION}-input-files.xcfilelist",
			);
			name = "[CP] Embed Pods Frameworks";
			outputFileListPaths = (
				"${PODS_ROOT}/Target Support Files/Pods-Home_Remote/Pods-Home_Remote-frameworks-${CONFIGURATION}-output-files.xcfilelist",
			);
			runOnlyForDeploymentPostprocessing = 0;
			shellPath = /bin/sh;
			shellScript = "\"${PODS_ROOT}/Target Support Files/Pods-Home_Remote/Pods-Home_Remote-frameworks.sh\"\n";
			showEnvVarsInLog = 0;
		};
		F3FAD01A1CD384DE14D6883E /* [CP] Check Pods Manifest.lock */ = {
			isa = PBXShellScriptBuildPhase;
			buildActionMask = 2147483647;
			files = (
			);
			inputFileListPaths = (
			);
			inputPaths = (
				"${PODS_PODFILE_DIR_PATH}/Podfile.lock",
				"${PODS_ROOT}/Manifest.lock",
			);
			name = "[CP] Check Pods Manifest.lock";
			outputFileListPaths = (
			);
			outputPaths = (
				"$(DERIVED_FILE_DIR)/Pods-Home_Remote-checkManifestLockResult.txt",
			);
			runOnlyForDeploymentPostprocessing = 0;
			shellPath = /bin/sh;
			shellScript = "diff \"${PODS_PODFILE_DIR_PATH}/Podfile.lock\" \"${PODS_ROOT}/Manifest.lock\" > /dev/null\nif [ $? != 0 ] ; then\n    # print error to STDERR\n    echo \"error: The sandbox is not in sync with the Podfile.lock. Run 'pod install' or update your CocoaPods installation.\" >&2\n    exit 1\nfi\n# This output is used by Xcode 'outputs' to avoid re-running this script phase.\necho \"SUCCESS\" > \"${SCRIPT_OUTPUT_FILE_0}\"\n";
			showEnvVarsInLog = 0;
		};
/* End PBXShellScriptBuildPhase section */

/* Begin PBXSourcesBuildPhase section */
		1A678D99267B438100B0AF48 /* Sources */ = {
			isa = PBXSourcesBuildPhase;
			buildActionMask = 2147483647;
			files = (
				1A678DA7267B438100B0AF48 /* NotificationController.swift in Sources */,
				1A678DA9267B438100B0AF48 /* ComplicationController.swift in Sources */,
				1A678DA5267B438100B0AF48 /* ExtensionDelegate.swift in Sources */,
				1A678DA3267B438100B0AF48 /* InterfaceController.swift in Sources */,
			);
			runOnlyForDeploymentPostprocessing = 0;
		};
		1A79861A266493460091BA79 /* Sources */ = {
			isa = PBXSourcesBuildPhase;
			buildActionMask = 2147483647;
			files = (
				1A798626266493460091BA79 /* MainController.swift in Sources */,
				1A798622266493460091BA79 /* AppDelegate.swift in Sources */,
				1A79863D266499F70091BA79 /* DeviceController.swift in Sources */,
				1A798624266493460091BA79 /* SceneDelegate.swift in Sources */,
				1A79863B266499C10091BA79 /* HomeCtrController.swift in Sources */,
				1A7986412664A08B0091BA79 /* BleScanController.swift in Sources */,
				1A79863F26649A150091BA79 /* SettingController.swift in Sources */,
			);
			runOnlyForDeploymentPostprocessing = 0;
		};
/* End PBXSourcesBuildPhase section */

/* Begin PBXTargetDependency section */
		1A678DA0267B438100B0AF48 /* PBXTargetDependency */ = {
			isa = PBXTargetDependency;
			target = 1A678D9C267B438100B0AF48 /* Home_Remote_WC Extension */;
			targetProxy = 1A678D9F267B438100B0AF48 /* PBXContainerItemProxy */;
		};
		1A678DAF267B438200B0AF48 /* PBXTargetDependency */ = {
			isa = PBXTargetDependency;
			target = 1A678D90267B438000B0AF48 /* Home_Remote_WC */;
			targetProxy = 1A678DAE267B438200B0AF48 /* PBXContainerItemProxy */;
		};
/* End PBXTargetDependency section */

/* Begin PBXVariantGroup section */
		1A678D93267B438000B0AF48 /* Interface.storyboard */ = {
			isa = PBXVariantGroup;
			children = (
				1A678D94267B438000B0AF48 /* Base */,
			);
			name = Interface.storyboard;
			sourceTree = "<group>";
		};
		1A798627266493460091BA79 /* Main.storyboard */ = {
			isa = PBXVariantGroup;
			children = (
				1A798628266493460091BA79 /* Base */,
			);
			name = Main.storyboard;
			sourceTree = "<group>";
		};
		1A79862C266493470091BA79 /* LaunchScreen.storyboard */ = {
			isa = PBXVariantGroup;
			children = (
				1A79862D266493470091BA79 /* Base */,
			);
			name = LaunchScreen.storyboard;
			sourceTree = "<group>";
		};
/* End PBXVariantGroup section */

/* Begin XCBuildConfiguration section */
		1A678DB2267B438200B0AF48 /* Debug */ = {
			isa = XCBuildConfiguration;
			buildSettings = {
				ASSETCATALOG_COMPILER_COMPLICATION_NAME = Complication;
				CODE_SIGN_ENTITLEMENTS = "Home_Remote_WC Extension/Home_Remote_WC Extension.entitlements";
				CODE_SIGN_STYLE = Automatic;
				DEVELOPMENT_TEAM = 97R8SRRXCS;
				INFOPLIST_FILE = "Home_Remote_WC Extension/Info.plist";
				IPHONEOS_DEPLOYMENT_TARGET = 15.0;
				LD_RUNPATH_SEARCH_PATHS = (
					"$(inherited)",
					"@executable_path/Frameworks",
					"@executable_path/../../Frameworks",
				);
				PRODUCT_BUNDLE_IDENTIFIER = "com.SDJ.Home-Remote.watchkitapp.watchkitextension";
				PRODUCT_NAME = "${TARGET_NAME}";
				SDKROOT = watchos;
				SKIP_INSTALL = YES;
				SWIFT_VERSION = 5.0;
				TARGETED_DEVICE_FAMILY = 4;
				WATCHOS_DEPLOYMENT_TARGET = 8.0;
			};
			name = Debug;
		};
		1A678DB3267B438200B0AF48 /* Release */ = {
			isa = XCBuildConfiguration;
			buildSettings = {
				ASSETCATALOG_COMPILER_COMPLICATION_NAME = Complication;
				CODE_SIGN_ENTITLEMENTS = "Home_Remote_WC Extension/Home_Remote_WC Extension.entitlements";
				CODE_SIGN_STYLE = Automatic;
				DEVELOPMENT_TEAM = 97R8SRRXCS;
				INFOPLIST_FILE = "Home_Remote_WC Extension/Info.plist";
				IPHONEOS_DEPLOYMENT_TARGET = 15.0;
				LD_RUNPATH_SEARCH_PATHS = (
					"$(inherited)",
					"@executable_path/Frameworks",
					"@executable_path/../../Frameworks",
				);
				PRODUCT_BUNDLE_IDENTIFIER = "com.SDJ.Home-Remote.watchkitapp.watchkitextension";
				PRODUCT_NAME = "${TARGET_NAME}";
				SDKROOT = watchos;
				SKIP_INSTALL = YES;
				SWIFT_VERSION = 5.0;
				TARGETED_DEVICE_FAMILY = 4;
				WATCHOS_DEPLOYMENT_TARGET = 8.0;
			};
			name = Release;
		};
		1A678DB6267B438200B0AF48 /* Debug */ = {
			isa = XCBuildConfiguration;
			buildSettings = {
				ALWAYS_EMBED_SWIFT_STANDARD_LIBRARIES = YES;
				ASSETCATALOG_COMPILER_APPICON_NAME = AppIcon;
				ASSETCATALOG_COMPILER_GLOBAL_ACCENT_COLOR_NAME = AccentColor;
				CODE_SIGN_STYLE = Automatic;
				DEVELOPMENT_TEAM = 97R8SRRXCS;
				IBSC_MODULE = Home_Remote_WC_Extension;
				INFOPLIST_FILE = Home_Remote_WC/Info.plist;
				IPHONEOS_DEPLOYMENT_TARGET = 15.0;
				PRODUCT_BUNDLE_IDENTIFIER = "com.SDJ.Home-Remote.watchkitapp";
				PRODUCT_NAME = "$(TARGET_NAME)";
				SDKROOT = watchos;
				SKIP_INSTALL = YES;
				SWIFT_VERSION = 5.0;
				TARGETED_DEVICE_FAMILY = 4;
				WATCHOS_DEPLOYMENT_TARGET = 8.0;
			};
			name = Debug;
		};
		1A678DB7267B438200B0AF48 /* Release */ = {
			isa = XCBuildConfiguration;
			buildSettings = {
				ALWAYS_EMBED_SWIFT_STANDARD_LIBRARIES = YES;
				ASSETCATALOG_COMPILER_APPICON_NAME = AppIcon;
				ASSETCATALOG_COMPILER_GLOBAL_ACCENT_COLOR_NAME = AccentColor;
				CODE_SIGN_STYLE = Automatic;
				DEVELOPMENT_TEAM = 97R8SRRXCS;
				IBSC_MODULE = Home_Remote_WC_Extension;
				INFOPLIST_FILE = Home_Remote_WC/Info.plist;
				IPHONEOS_DEPLOYMENT_TARGET = 15.0;
				PRODUCT_BUNDLE_IDENTIFIER = "com.SDJ.Home-Remote.watchkitapp";
				PRODUCT_NAME = "$(TARGET_NAME)";
				SDKROOT = watchos;
				SKIP_INSTALL = YES;
				SWIFT_VERSION = 5.0;
				TARGETED_DEVICE_FAMILY = 4;
				WATCHOS_DEPLOYMENT_TARGET = 8.0;
			};
			name = Release;
		};
		1A798630266493470091BA79 /* Debug */ = {
			isa = XCBuildConfiguration;
			buildSettings = {
				ALWAYS_SEARCH_USER_PATHS = NO;
				CLANG_ANALYZER_NONNULL = YES;
				CLANG_ANALYZER_NUMBER_OBJECT_CONVERSION = YES_AGGRESSIVE;
				CLANG_CXX_LANGUAGE_STANDARD = "gnu++14";
				CLANG_CXX_LIBRARY = "libc++";
				CLANG_ENABLE_MODULES = YES;
				CLANG_ENABLE_OBJC_ARC = YES;
				CLANG_ENABLE_OBJC_WEAK = YES;
				CLANG_WARN_BLOCK_CAPTURE_AUTORELEASING = YES;
				CLANG_WARN_BOOL_CONVERSION = YES;
				CLANG_WARN_COMMA = YES;
				CLANG_WARN_CONSTANT_CONVERSION = YES;
				CLANG_WARN_DEPRECATED_OBJC_IMPLEMENTATIONS = YES;
				CLANG_WARN_DIRECT_OBJC_ISA_USAGE = YES_ERROR;
				CLANG_WARN_DOCUMENTATION_COMMENTS = YES;
				CLANG_WARN_EMPTY_BODY = YES;
				CLANG_WARN_ENUM_CONVERSION = YES;
				CLANG_WARN_INFINITE_RECURSION = YES;
				CLANG_WARN_INT_CONVERSION = YES;
				CLANG_WARN_NON_LITERAL_NULL_CONVERSION = YES;
				CLANG_WARN_OBJC_IMPLICIT_RETAIN_SELF = YES;
				CLANG_WARN_OBJC_LITERAL_CONVERSION = YES;
				CLANG_WARN_OBJC_ROOT_CLASS = YES_ERROR;
				CLANG_WARN_QUOTED_INCLUDE_IN_FRAMEWORK_HEADER = YES;
				CLANG_WARN_RANGE_LOOP_ANALYSIS = YES;
				CLANG_WARN_STRICT_PROTOTYPES = YES;
				CLANG_WARN_SUSPICIOUS_MOVE = YES;
				CLANG_WARN_UNGUARDED_AVAILABILITY = YES_AGGRESSIVE;
				CLANG_WARN_UNREACHABLE_CODE = YES;
				CLANG_WARN__DUPLICATE_METHOD_MATCH = YES;
				COPY_PHASE_STRIP = NO;
				DEBUG_INFORMATION_FORMAT = dwarf;
				ENABLE_STRICT_OBJC_MSGSEND = YES;
				ENABLE_TESTABILITY = YES;
				GCC_C_LANGUAGE_STANDARD = gnu11;
				GCC_DYNAMIC_NO_PIC = NO;
				GCC_NO_COMMON_BLOCKS = YES;
				GCC_OPTIMIZATION_LEVEL = 0;
				GCC_PREPROCESSOR_DEFINITIONS = (
					"DEBUG=1",
					"$(inherited)",
				);
				GCC_WARN_64_TO_32_BIT_CONVERSION = YES;
				GCC_WARN_ABOUT_RETURN_TYPE = YES_ERROR;
				GCC_WARN_UNDECLARED_SELECTOR = YES;
				GCC_WARN_UNINITIALIZED_AUTOS = YES_AGGRESSIVE;
				GCC_WARN_UNUSED_FUNCTION = YES;
				GCC_WARN_UNUSED_VARIABLE = YES;
				IPHONEOS_DEPLOYMENT_TARGET = 15.0;
				MTL_ENABLE_DEBUG_INFO = INCLUDE_SOURCE;
				MTL_FAST_MATH = YES;
				ONLY_ACTIVE_ARCH = YES;
				SDKROOT = iphoneos;
				SWIFT_ACTIVE_COMPILATION_CONDITIONS = DEBUG;
				SWIFT_OPTIMIZATION_LEVEL = "-Onone";
			};
			name = Debug;
		};
		1A798631266493470091BA79 /* Release */ = {
			isa = XCBuildConfiguration;
			buildSettings = {
				ALWAYS_SEARCH_USER_PATHS = NO;
				CLANG_ANALYZER_NONNULL = YES;
				CLANG_ANALYZER_NUMBER_OBJECT_CONVERSION = YES_AGGRESSIVE;
				CLANG_CXX_LANGUAGE_STANDARD = "gnu++14";
				CLANG_CXX_LIBRARY = "libc++";
				CLANG_ENABLE_MODULES = YES;
				CLANG_ENABLE_OBJC_ARC = YES;
				CLANG_ENABLE_OBJC_WEAK = YES;
				CLANG_WARN_BLOCK_CAPTURE_AUTORELEASING = YES;
				CLANG_WARN_BOOL_CONVERSION = YES;
				CLANG_WARN_COMMA = YES;
				CLANG_WARN_CONSTANT_CONVERSION = YES;
				CLANG_WARN_DEPRECATED_OBJC_IMPLEMENTATIONS = YES;
				CLANG_WARN_DIRECT_OBJC_ISA_USAGE = YES_ERROR;
				CLANG_WARN_DOCUMENTATION_COMMENTS = YES;
				CLANG_WARN_EMPTY_BODY = YES;
				CLANG_WARN_ENUM_CONVERSION = YES;
				CLANG_WARN_INFINITE_RECURSION = YES;
				CLANG_WARN_INT_CONVERSION = YES;
				CLANG_WARN_NON_LITERAL_NULL_CONVERSION = YES;
				CLANG_WARN_OBJC_IMPLICIT_RETAIN_SELF = YES;
				CLANG_WARN_OBJC_LITERAL_CONVERSION = YES;
				CLANG_WARN_OBJC_ROOT_CLASS = YES_ERROR;
				CLANG_WARN_QUOTED_INCLUDE_IN_FRAMEWORK_HEADER = YES;
				CLANG_WARN_RANGE_LOOP_ANALYSIS = YES;
				CLANG_WARN_STRICT_PROTOTYPES = YES;
				CLANG_WARN_SUSPICIOUS_MOVE = YES;
				CLANG_WARN_UNGUARDED_AVAILABILITY = YES_AGGRESSIVE;
				CLANG_WARN_UNREACHABLE_CODE = YES;
				CLANG_WARN__DUPLICATE_METHOD_MATCH = YES;
				COPY_PHASE_STRIP = NO;
				DEBUG_INFORMATION_FORMAT = "dwarf-with-dsym";
				ENABLE_NS_ASSERTIONS = NO;
				ENABLE_STRICT_OBJC_MSGSEND = YES;
				GCC_C_LANGUAGE_STANDARD = gnu11;
				GCC_NO_COMMON_BLOCKS = YES;
				GCC_WARN_64_TO_32_BIT_CONVERSION = YES;
				GCC_WARN_ABOUT_RETURN_TYPE = YES_ERROR;
				GCC_WARN_UNDECLARED_SELECTOR = YES;
				GCC_WARN_UNINITIALIZED_AUTOS = YES_AGGRESSIVE;
				GCC_WARN_UNUSED_FUNCTION = YES;
				GCC_WARN_UNUSED_VARIABLE = YES;
				IPHONEOS_DEPLOYMENT_TARGET = 15.0;
				MTL_ENABLE_DEBUG_INFO = NO;
				MTL_FAST_MATH = YES;
				SDKROOT = iphoneos;
				SWIFT_COMPILATION_MODE = wholemodule;
				SWIFT_OPTIMIZATION_LEVEL = "-O";
				VALIDATE_PRODUCT = YES;
			};
			name = Release;
		};
		1A798633266493470091BA79 /* Debug */ = {
			isa = XCBuildConfiguration;
			baseConfigurationReference = 03FD61D51C6FCE1E28E4A615 /* Pods-Home_Remote.debug.xcconfig */;
			buildSettings = {
				ASSETCATALOG_COMPILER_APPICON_NAME = AppIcon;
				ASSETCATALOG_COMPILER_GLOBAL_ACCENT_COLOR_NAME = AccentColor;
				CODE_SIGN_ENTITLEMENTS = Home_Remote/Home_Remote.entitlements;
				CODE_SIGN_STYLE = Automatic;
				DEVELOPMENT_TEAM = 97R8SRRXCS;
				INFOPLIST_FILE = Home_Remote/Info.plist;
				IPHONEOS_DEPLOYMENT_TARGET = 15.0;
				LD_RUNPATH_SEARCH_PATHS = (
					"$(inherited)",
					"@executable_path/Frameworks",
				);
				PRODUCT_BUNDLE_IDENTIFIER = "com.SDJ.Home-Remote";
				PRODUCT_NAME = "$(TARGET_NAME)";
				SWIFT_VERSION = 5.0;
				TARGETED_DEVICE_FAMILY = "1,2";
			};
			name = Debug;
		};
		1A798634266493470091BA79 /* Release */ = {
			isa = XCBuildConfiguration;
			baseConfigurationReference = 1C1D0916CA2CAC2F16D0A399 /* Pods-Home_Remote.release.xcconfig */;
			buildSettings = {
				ASSETCATALOG_COMPILER_APPICON_NAME = AppIcon;
				ASSETCATALOG_COMPILER_GLOBAL_ACCENT_COLOR_NAME = AccentColor;
				CODE_SIGN_ENTITLEMENTS = Home_Remote/Home_Remote.entitlements;
				CODE_SIGN_STYLE = Automatic;
				DEVELOPMENT_TEAM = 97R8SRRXCS;
				INFOPLIST_FILE = Home_Remote/Info.plist;
				IPHONEOS_DEPLOYMENT_TARGET = 15.0;
				LD_RUNPATH_SEARCH_PATHS = (
					"$(inherited)",
					"@executable_path/Frameworks",
				);
				PRODUCT_BUNDLE_IDENTIFIER = "com.SDJ.Home-Remote";
				PRODUCT_NAME = "$(TARGET_NAME)";
				SWIFT_VERSION = 5.0;
				TARGETED_DEVICE_FAMILY = "1,2";
			};
			name = Release;
		};
/* End XCBuildConfiguration section */

/* Begin XCConfigurationList section */
		1A678DB1267B438200B0AF48 /* Build configuration list for PBXNativeTarget "Home_Remote_WC Extension" */ = {
			isa = XCConfigurationList;
			buildConfigurations = (
				1A678DB2267B438200B0AF48 /* Debug */,
				1A678DB3267B438200B0AF48 /* Release */,
			);
			defaultConfigurationIsVisible = 0;
			defaultConfigurationName = Release;
		};
		1A678DB5267B438200B0AF48 /* Build configuration list for PBXNativeTarget "Home_Remote_WC" */ = {
			isa = XCConfigurationList;
			buildConfigurations = (
				1A678DB6267B438200B0AF48 /* Debug */,
				1A678DB7267B438200B0AF48 /* Release */,
			);
			defaultConfigurationIsVisible = 0;
			defaultConfigurationName = Release;
		};
		1A798619266493460091BA79 /* Build configuration list for PBXProject "Home_Remote" */ = {
			isa = XCConfigurationList;
			buildConfigurations = (
				1A798630266493470091BA79 /* Debug */,
				1A798631266493470091BA79 /* Release */,
			);
			defaultConfigurationIsVisible = 0;
			defaultConfigurationName = Release;
		};
		1A798632266493470091BA79 /* Build configuration list for PBXNativeTarget "Home_Remote" */ = {
			isa = XCConfigurationList;
			buildConfigurations = (
				1A798633266493470091BA79 /* Debug */,
				1A798634266493470091BA79 /* Release */,
			);
			defaultConfigurationIsVisible = 0;
			defaultConfigurationName = Release;
		};
/* End XCConfigurationList section */
	};
	rootObject = 1A798616266493460091BA79 /* Project object */;
}
